
Microsoft Visual Studio Solution File, Format Version 12.00
# Visual Studio Version 17
VisualStudioVersion = 17.14.36221.1 d17.14
MinimumVisualStudioVersion = 10.0.40219.1
Project("{FAE04EC0-301F-11D3-BF4B-00C04F79EFBC}") = "Razor Day1", "Razor Day1\Razor Day1.csproj", "{4777E642-ADBB-4044-9EB1-523F70CDA029}"
EndProject
Global
	GlobalSection(SolutionConfigurationPlatforms) = preSolution
		Debug|Any CPU = Debug|Any CPU
		Release|Any CPU = Release|Any CPU
	EndGlobalSection
	GlobalSection(ProjectConfigurationPlatforms) = postSolution
		{4777E642-ADBB-4044-9EB1-523F70CDA029}.Debug|Any CPU.ActiveCfg = Debug|Any CPU
		{4777E642-ADBB-4044-9EB1-523F70CDA029}.Debug|Any CPU.Build.0 = Debug|Any CPU
		{4777E642-ADBB-4044-9EB1-523F70CDA029}.Release|Any CPU.ActiveCfg = Release|Any CPU
		{4777E642-ADBB-4044-9EB1-523F70CDA029}.Release|Any CPU.Build.0 = Release|Any CPU
	EndGlobalSection
	GlobalSection(SolutionProperties) = preSolution
		HideSolutionNode = FALSE
	EndGlobalSection
	GlobalSection(ExtensibilityGlobals) = postSolution
		SolutionGuid = {DDAA0917-4BAA-4654-A536-43D04F0985C7}
	EndGlobalSection
EndGlobal
